
Microsoft Visual Studio Solution File, Format Version 12.00
# Visual Studio Version 17
VisualStudioVersion = 17.11.35222.181
MinimumVisualStudioVersion = 10.0.40219.1
Project("{FAE04EC0-301F-11D3-BF4B-00C04F79EFBC}") = "comDeMatrices", "comDeMatrices\comDeMatrices.csproj", "{6419A657-9FC0-4D2C-B463-A22AB293748E}"
EndProject
Global
	GlobalSection(SolutionConfigurationPlatforms) = preSolution
		Debug|Any CPU = Debug|Any CPU
		Release|Any CPU = Release|Any CPU
	EndGlobalSection
	GlobalSection(ProjectConfigurationPlatforms) = postSolution
		{6419A657-9FC0-4D2C-B463-A22AB293748E}.Debug|Any CPU.ActiveCfg = Debug|Any CPU
		{6419A657-9FC0-4D2C-B463-A22AB293748E}.Debug|Any CPU.Build.0 = Debug|Any CPU
		{6419A657-9FC0-4D2C-B463-A22AB293748E}.Release|Any CPU.ActiveCfg = Release|Any CPU
		{6419A657-9FC0-4D2C-B463-A22AB293748E}.Release|Any CPU.Build.0 = Release|Any CPU
	EndGlobalSection
	GlobalSection(SolutionProperties) = preSolution
		HideSolutionNode = FALSE
	EndGlobalSection
	GlobalSection(ExtensibilityGlobals) = postSolution
		SolutionGuid = {F53A14B4-9E21-4532-BF30-E9E72CE5EDD8}
	EndGlobalSection
EndGlobal
